
Microsoft Visual Studio Solution File, Format Version 12.00
# Visual Studio Version 16
VisualStudioVersion = 16.0.29613.14
MinimumVisualStudioVersion = 10.0.40219.1
Project("{FAE04EC0-301F-11D3-BF4B-00C04F79EFBC}") = "Desafio_Wiz", "WebApplication1\Desafio_Wiz.csproj", "{86EBEAA3-5815-4FB1-A26A-60D7D6A68918}"
EndProject
Project("{FAE04EC0-301F-11D3-BF4B-00C04F79EFBC}") = "MovieDatabaseApi", "Modelo\MovieDatabaseApi.csproj", "{421A8768-4194-40A3-9EEE-CDC8A97DE109}"
EndProject
Global
	GlobalSection(SolutionConfigurationPlatforms) = preSolution
		Debug|Any CPU = Debug|Any CPU
		Release|Any CPU = Release|Any CPU
	EndGlobalSection
	GlobalSection(ProjectConfigurationPlatforms) = postSolution
		{86EBEAA3-5815-4FB1-A26A-60D7D6A68918}.Debug|Any CPU.ActiveCfg = Debug|Any CPU
		{86EBEAA3-5815-4FB1-A26A-60D7D6A68918}.Debug|Any CPU.Build.0 = Debug|Any CPU
		{86EBEAA3-5815-4FB1-A26A-60D7D6A68918}.Release|Any CPU.ActiveCfg = Release|Any CPU
		{86EBEAA3-5815-4FB1-A26A-60D7D6A68918}.Release|Any CPU.Build.0 = Release|Any CPU
		{421A8768-4194-40A3-9EEE-CDC8A97DE109}.Debug|Any CPU.ActiveCfg = Debug|Any CPU
		{421A8768-4194-40A3-9EEE-CDC8A97DE109}.Debug|Any CPU.Build.0 = Debug|Any CPU
		{421A8768-4194-40A3-9EEE-CDC8A97DE109}.Release|Any CPU.ActiveCfg = Release|Any CPU
		{421A8768-4194-40A3-9EEE-CDC8A97DE109}.Release|Any CPU.Build.0 = Release|Any CPU
	EndGlobalSection
	GlobalSection(SolutionProperties) = preSolution
		HideSolutionNode = FALSE
	EndGlobalSection
	GlobalSection(ExtensibilityGlobals) = postSolution
		SolutionGuid = {B585A2A6-454A-4DB6-98AA-DE218CD1B32F}
	EndGlobalSection
EndGlobal
